// !$*UTF8*$!
{
	archiveVersion = 1;
	classes = {
	};
	objectVersion = 77;
	objects = {

/* Begin PBXBuildFile section */
		35CDE67C2D6692B90070F45A /* SwiftUINavigation in Frameworks */ = {isa = PBXBuildFile; productRef = 35CDE67B2D6692B90070F45A /* SwiftUINavigation */; };
/* End PBXBuildFile section */

/* Begin PBXContainerItemProxy section */
		35CDE6542D6691E70070F45A /* PBXContainerItemProxy */ = {
			isa = PBXContainerItemProxy;
			containerPortal = 35CDE6392D6691E60070F45A /* Project object */;
			proxyType = 1;
			remoteGlobalIDString = 35CDE6402D6691E60070F45A;
			remoteInfo = Detoxify;
		};
		35CDE65E2D6691E70070F45A /* PBXContainerItemProxy */ = {
			isa = PBXContainerItemProxy;
			containerPortal = 35CDE6392D6691E60070F45A /* Project object */;
			proxyType = 1;
			remoteGlobalIDString = 35CDE6402D6691E60070F45A;
			remoteInfo = Detoxify;
		};
/* End PBXContainerItemProxy section */

/* Begin PBXFileReference section */
		35CDE6412D6691E60070F45A /* Detoxify.app */ = {isa = PBXFileReference; explicitFileType = wrapper.application; includeInIndex = 0; path = Detoxify.app; sourceTree = BUILT_PRODUCTS_DIR; };
		35CDE6532D6691E70070F45A /* DetoxifyTests.xctest */ = {isa = PBXFileReference; explicitFileType = wrapper.cfbundle; includeInIndex = 0; path = DetoxifyTests.xctest; sourceTree = BUILT_PRODUCTS_DIR; };
		35CDE65D2D6691E70070F45A /* DetoxifyUITests.xctest */ = {isa = PBXFileReference; explicitFileType = wrapper.cfbundle; includeInIndex = 0; path = DetoxifyUITests.xctest; sourceTree = BUILT_PRODUCTS_DIR; };
/* End PBXFileReference section */

/* Begin PBXFileSystemSynchronizedRootGroup section */
		35CDE6432D6691E60070F45A /* Detoxify */ = {
			isa = PBXFileSystemSynchronizedRootGroup;
			path = Detoxify;
			sourceTree = "<group>";
		};
		35CDE6562D6691E70070F45A /* DetoxifyTests */ = {
			isa = PBXFileSystemSynchronizedRootGroup;
			path = DetoxifyTests;
			sourceTree = "<group>";
		};
		35CDE6602D6691E70070F45A /* DetoxifyUITests */ = {
			isa = PBXFileSystemSynchronizedRootGroup;
			path = DetoxifyUITests;
			sourceTree = "<group>";
		};
/* End PBXFileSystemSynchronizedRootGroup section */

/* Begin PBXFrameworksBuildPhase section */
		35CDE63E2D6691E60070F45A /* Frameworks */ = {
			isa = PBXFrameworksBuildPhase;
			buildActionMask = 2147483647;
			files = (
				35CDE67C2D6692B90070F45A /* SwiftUINavigation in Frameworks */,
			);
			runOnlyForDeploymentPostprocessing = 0;
		};
		35CDE6502D6691E70070F45A /* Frameworks */ = {
			isa = PBXFrameworksBuildPhase;
			buildActionMask = 2147483647;
			files = (
			);
			runOnlyForDeploymentPostprocessing = 0;
		};
		35CDE65A2D6691E70070F45A /* Frameworks */ = {
			isa = PBXFrameworksBuildPhase;
			buildActionMask = 2147483647;
			files = (
			);
			runOnlyForDeploymentPostprocessing = 0;
		};
/* End PBXFrameworksBuildPhase section */

/* Begin PBXGroup section */
		35CDE6382D6691E60070F45A = {
			isa = PBXGroup;
			children = (
				35CDE6432D6691E60070F45A /* Detoxify */,
				35CDE6562D6691E70070F45A /* DetoxifyTests */,
				35CDE6602D6691E70070F45A /* DetoxifyUITests */,
				35CDE6422D6691E60070F45A /* Products */,
			);
			sourceTree = "<group>";
		};
		35CDE6422D6691E60070F45A /* Products */ = {
			isa = PBXGroup;
			children = (
				35CDE6412D6691E60070F45A /* Detoxify.app */,
				35CDE6532D6691E70070F45A /* DetoxifyTests.xctest */,
				35CDE65D2D6691E70070F45A /* DetoxifyUITests.xctest */,
			);
			name = Products;
			sourceTree = "<group>";
		};
/* End PBXGroup section */

/* Begin PBXNativeTarget section */
		35CDE6402D6691E60070F45A /* Detoxify */ = {
			isa = PBXNativeTarget;
			buildConfigurationList = 35CDE6672D6691E70070F45A /* Build configuration list for PBXNativeTarget "Detoxify" */;
			buildPhases = (
				35CDE63D2D6691E60070F45A /* Sources */,
				35CDE63E2D6691E60070F45A /* Frameworks */,
				35CDE63F2D6691E60070F45A /* Resources */,
			);
			buildRules = (
			);
			dependencies = (
			);
			fileSystemSynchronizedGroups = (
				35CDE6432D6691E60070F45A /* Detoxify */,
			);
			name = Detoxify;
			packageProductDependencies = (
				35CDE67B2D6692B90070F45A /* SwiftUINavigation */,
			);
			productName = Detoxify;
			productReference = 35CDE6412D6691E60070F45A /* Detoxify.app */;
			productType = "com.apple.product-type.application";
		};
		35CDE6522D6691E70070F45A /* DetoxifyTests */ = {
			isa = PBXNativeTarget;
			buildConfigurationList = 35CDE66A2D6691E70070F45A /* Build configuration list for PBXNativeTarget "DetoxifyTests" */;
			buildPhases = (
				35CDE64F2D6691E70070F45A /* Sources */,
				35CDE6502D6691E70070F45A /* Frameworks */,
				35CDE6512D6691E70070F45A /* Resources */,
			);
			buildRules = (
			);
			dependencies = (
				35CDE6552D6691E70070F45A /* PBXTargetDependency */,
			);
			fileSystemSynchronizedGroups = (
				35CDE6562D6691E70070F45A /* DetoxifyTests */,
			);
			name = DetoxifyTests;
			packageProductDependencies = (
			);
			productName = DetoxifyTests;
			productReference = 35CDE6532D6691E70070F45A /* DetoxifyTests.xctest */;
			productType = "com.apple.product-type.bundle.unit-test";
		};
		35CDE65C2D6691E70070F45A /* DetoxifyUITests */ = {
			isa = PBXNativeTarget;
			buildConfigurationList = 35CDE66D2D6691E70070F45A /* Build configuration list for PBXNativeTarget "DetoxifyUITests" */;
			buildPhases = (
				35CDE6592D6691E70070F45A /* Sources */,
				35CDE65A2D6691E70070F45A /* Frameworks */,
				35CDE65B2D6691E70070F45A /* Resources */,
			);
			buildRules = (
			);
			dependencies = (
				35CDE65F2D6691E70070F45A /* PBXTargetDependency */,
			);
			fileSystemSynchronizedGroups = (
				35CDE6602D6691E70070F45A /* DetoxifyUITests */,
			);
			name = DetoxifyUITests;
			packageProductDependencies = (
			);
			productName = DetoxifyUITests;
			productReference = 35CDE65D2D6691E70070F45A /* DetoxifyUITests.xctest */;
			productType = "com.apple.product-type.bundle.ui-testing";
		};
/* End PBXNativeTarget section */

/* Begin PBXProject section */
		35CDE6392D6691E60070F45A /* Project object */ = {
			isa = PBXProject;
			attributes = {
				BuildIndependentTargetsInParallel = 1;
				LastSwiftUpdateCheck = 1620;
				LastUpgradeCheck = 1620;
				TargetAttributes = {
					35CDE6402D6691E60070F45A = {
						CreatedOnToolsVersion = 16.2;
					};
					35CDE6522D6691E70070F45A = {
						CreatedOnToolsVersion = 16.2;
						TestTargetID = 35CDE6402D6691E60070F45A;
					};
					35CDE65C2D6691E70070F45A = {
						CreatedOnToolsVersion = 16.2;
						TestTargetID = 35CDE6402D6691E60070F45A;
					};
				};
			};
			buildConfigurationList = 35CDE63C2D6691E60070F45A /* Build configuration list for PBXProject "Detoxify" */;
			developmentRegion = en;
			hasScannedForEncodings = 0;
			knownRegions = (
				en,
				Base,
			);
			mainGroup = 35CDE6382D6691E60070F45A;
			minimizedProjectReferenceProxies = 1;
			packageReferences = (
				35CDE67A2D6692B90070F45A /* XCRemoteSwiftPackageReference "swift-navigation" */,
			);
			preferredProjectObjectVersion = 77;
			productRefGroup = 35CDE6422D6691E60070F45A /* Products */;
			projectDirPath = "";
			projectRoot = "";
			targets = (
				35CDE6402D6691E60070F45A /* Detoxify */,
				35CDE6522D6691E70070F45A /* DetoxifyTests */,
				35CDE65C2D6691E70070F45A /* DetoxifyUITests */,
			);
		};
/* End PBXProject section */

/* Begin PBXResourcesBuildPhase section */
		35CDE63F2D6691E60070F45A /* Resources */ = {
			isa = PBXResourcesBuildPhase;
			buildActionMask = 2147483647;
			files = (
			);
			runOnlyForDeploymentPostprocessing = 0;
		};
		35CDE6512D6691E70070F45A /* Resources */ = {
			isa = PBXResourcesBuildPhase;
			buildActionMask = 2147483647;
			files = (
			);
			runOnlyForDeploymentPostprocessing = 0;
		};
		35CDE65B2D6691E70070F45A /* Resources */ = {
			isa = PBXResourcesBuildPhase;
			buildActionMask = 2147483647;
			files = (
			);
			runOnlyForDeploymentPostprocessing = 0;
		};
/* End PBXResourcesBuildPhase section */

/* Begin PBXSourcesBuildPhase section */
		35CDE63D2D6691E60070F45A /* Sources */ = {
			isa = PBXSourcesBuildPhase;
			buildActionMask = 2147483647;
			files = (
			);
			runOnlyForDeploymentPostprocessing = 0;
		};
		35CDE64F2D6691E70070F45A /* Sources */ = {
			isa = PBXSourcesBuildPhase;
			buildActionMask = 2147483647;
			files = (
			);
			runOnlyForDeploymentPostprocessing = 0;
		};
		35CDE6592D6691E70070F45A /* Sources */ = {
			isa = PBXSourcesBuildPhase;
			buildActionMask = 2147483647;
			files = (
			);
			runOnlyForDeploymentPostprocessing = 0;
		};
/* End PBXSourcesBuildPhase section */

/* Begin PBXTargetDependency section */
		35CDE6552D6691E70070F45A /* PBXTargetDependency */ = {
			isa = PBXTargetDependency;
			target = 35CDE6402D6691E60070F45A /* Detoxify */;
			targetProxy = 35CDE6542D6691E70070F45A /* PBXContainerItemProxy */;
		};
		35CDE65F2D6691E70070F45A /* PBXTargetDependency */ = {
			isa = PBXTargetDependency;
			target = 35CDE6402D6691E60070F45A /* Detoxify */;
			targetProxy = 35CDE65E2D6691E70070F45A /* PBXContainerItemProxy */;
		};
/* End PBXTargetDependency section */

/* Begin XCBuildConfiguration section */
		35CDE6652D6691E70070F45A /* Debug */ = {
			isa = XCBuildConfiguration;
			buildSettings = {
				ALWAYS_SEARCH_USER_PATHS = NO;
				ASSETCATALOG_COMPILER_GENERATE_SWIFT_ASSET_SYMBOL_EXTENSIONS = YES;
				CLANG_ANALYZER_NONNULL = YES;
				CLANG_ANALYZER_NUMBER_OBJECT_CONVERSION = YES_AGGRESSIVE;
				CLANG_CXX_LANGUAGE_STANDARD = "gnu++20";
				CLANG_ENABLE_MODULES = YES;
				CLANG_ENABLE_OBJC_ARC = YES;
				CLANG_ENABLE_OBJC_WEAK = YES;
				CLANG_WARN_BLOCK_CAPTURE_AUTORELEASING = YES;
				CLANG_WARN_BOOL_CONVERSION = YES;
				CLANG_WARN_COMMA = YES;
				CLANG_WARN_CONSTANT_CONVERSION = YES;
				CLANG_WARN_DEPRECATED_OBJC_IMPLEMENTATIONS = YES;
				CLANG_WARN_DIRECT_OBJC_ISA_USAGE = YES_ERROR;
				CLANG_WARN_DOCUMENTATION_COMMENTS = YES;
				CLANG_WARN_EMPTY_BODY = YES;
				CLANG_WARN_ENUM_CONVERSION = YES;
				CLANG_WARN_INFINITE_RECURSION = YES;
				CLANG_WARN_INT_CONVERSION = YES;
				CLANG_WARN_NON_LITERAL_NULL_CONVERSION = YES;
				CLANG_WARN_OBJC_IMPLICIT_RETAIN_SELF = YES;
				CLANG_WARN_OBJC_LITERAL_CONVERSION = YES;
				CLANG_WARN_OBJC_ROOT_CLASS = YES_ERROR;
				CLANG_WARN_QUOTED_INCLUDE_IN_FRAMEWORK_HEADER = YES;
				CLANG_WARN_RANGE_LOOP_ANALYSIS = YES;
				CLANG_WARN_STRICT_PROTOTYPES = YES;
				CLANG_WARN_SUSPICIOUS_MOVE = YES;
				CLANG_WARN_UNGUARDED_AVAILABILITY = YES_AGGRESSIVE;
				CLANG_WARN_UNREACHABLE_CODE = YES;
				CLANG_WARN__DUPLICATE_METHOD_MATCH = YES;
				COPY_PHASE_STRIP = NO;
				DEBUG_INFORMATION_FORMAT = dwarf;
				ENABLE_STRICT_OBJC_MSGSEND = YES;
				ENABLE_TESTABILITY = YES;
				ENABLE_USER_SCRIPT_SANDBOXING = YES;
				GCC_C_LANGUAGE_STANDARD = gnu17;
				GCC_DYNAMIC_NO_PIC = NO;
				GCC_NO_COMMON_BLOCKS = YES;
				GCC_OPTIMIZATION_LEVEL = 0;
				GCC_PREPROCESSOR_DEFINITIONS = (
					"DEBUG=1",
					"$(inherited)",
				);
				GCC_WARN_64_TO_32_BIT_CONVERSION = YES;
				GCC_WARN_ABOUT_RETURN_TYPE = YES_ERROR;
				GCC_WARN_UNDECLARED_SELECTOR = YES;
				GCC_WARN_UNINITIALIZED_AUTOS = YES_AGGRESSIVE;
				GCC_WARN_UNUSED_FUNCTION = YES;
				GCC_WARN_UNUSED_VARIABLE = YES;
				IPHONEOS_DEPLOYMENT_TARGET = 18.2;
				LOCALIZATION_PREFERS_STRING_CATALOGS = YES;
				MTL_ENABLE_DEBUG_INFO = INCLUDE_SOURCE;
				MTL_FAST_MATH = YES;
				ONLY_ACTIVE_ARCH = YES;
				SDKROOT = iphoneos;
				SWIFT_ACTIVE_COMPILATION_CONDITIONS = "DEBUG $(inherited)";
				SWIFT_OPTIMIZATION_LEVEL = "-Onone";
			};
			name = Debug;
		};
		35CDE6662D6691E70070F45A /* Release */ = {
			isa = XCBuildConfiguration;
			buildSettings = {
				ALWAYS_SEARCH_USER_PATHS = NO;
				ASSETCATALOG_COMPILER_GENERATE_SWIFT_ASSET_SYMBOL_EXTENSIONS = YES;
				CLANG_ANALYZER_NONNULL = YES;
				CLANG_ANALYZER_NUMBER_OBJECT_CONVERSION = YES_AGGRESSIVE;
				CLANG_CXX_LANGUAGE_STANDARD = "gnu++20";
				CLANG_ENABLE_MODULES = YES;
				CLANG_ENABLE_OBJC_ARC = YES;
				CLANG_ENABLE_OBJC_WEAK = YES;
				CLANG_WARN_BLOCK_CAPTURE_AUTORELEASING = YES;
				CLANG_WARN_BOOL_CONVERSION = YES;
				CLANG_WARN_COMMA = YES;
				CLANG_WARN_CONSTANT_CONVERSION = YES;
				CLANG_WARN_DEPRECATED_OBJC_IMPLEMENTATIONS = YES;
				CLANG_WARN_DIRECT_OBJC_ISA_USAGE = YES_ERROR;
				CLANG_WARN_DOCUMENTATION_COMMENTS = YES;
				CLANG_WARN_EMPTY_BODY = YES;
				CLANG_WARN_ENUM_CONVERSION = YES;
				CLANG_WARN_INFINITE_RECURSION = YES;
				CLANG_WARN_INT_CONVERSION = YES;
				CLANG_WARN_NON_LITERAL_NULL_CONVERSION = YES;
				CLANG_WARN_OBJC_IMPLICIT_RETAIN_SELF = YES;
				CLANG_WARN_OBJC_LITERAL_CONVERSION = YES;
				CLANG_WARN_OBJC_ROOT_CLASS = YES_ERROR;
				CLANG_WARN_QUOTED_INCLUDE_IN_FRAMEWORK_HEADER = YES;
				CLANG_WARN_RANGE_LOOP_ANALYSIS = YES;
				CLANG_WARN_STRICT_PROTOTYPES = YES;
				CLANG_WARN_SUSPICIOUS_MOVE = YES;
				CLANG_WARN_UNGUARDED_AVAILABILITY = YES_AGGRESSIVE;
				CLANG_WARN_UNREACHABLE_CODE = YES;
				CLANG_WARN__DUPLICATE_METHOD_MATCH = YES;
				COPY_PHASE_STRIP = NO;
				DEBUG_INFORMATION_FORMAT = "dwarf-with-dsym";
				ENABLE_NS_ASSERTIONS = NO;
				ENABLE_STRICT_OBJC_MSGSEND = YES;
				ENABLE_USER_SCRIPT_SANDBOXING = YES;
				GCC_C_LANGUAGE_STANDARD = gnu17;
				GCC_NO_COMMON_BLOCKS = YES;
				GCC_WARN_64_TO_32_BIT_CONVERSION = YES;
				GCC_WARN_ABOUT_RETURN_TYPE = YES_ERROR;
				GCC_WARN_UNDECLARED_SELECTOR = YES;
				GCC_WARN_UNINITIALIZED_AUTOS = YES_AGGRESSIVE;
				GCC_WARN_UNUSED_FUNCTION = YES;
				GCC_WARN_UNUSED_VARIABLE = YES;
				IPHONEOS_DEPLOYMENT_TARGET = 18.2;
				LOCALIZATION_PREFERS_STRING_CATALOGS = YES;
				MTL_ENABLE_DEBUG_INFO = NO;
				MTL_FAST_MATH = YES;
				SDKROOT = iphoneos;
				SWIFT_COMPILATION_MODE = wholemodule;
				VALIDATE_PRODUCT = YES;
			};
			name = Release;
		};
		35CDE6682D6691E70070F45A /* Debug */ = {
			isa = XCBuildConfiguration;
			buildSettings = {
				ASSETCATALOG_COMPILER_APPICON_NAME = AppIcon;
				ASSETCATALOG_COMPILER_GLOBAL_ACCENT_COLOR_NAME = AccentColor;
				CODE_SIGN_STYLE = Automatic;
				CURRENT_PROJECT_VERSION = 1;
				DEVELOPMENT_ASSET_PATHS = "\"Detoxify/Preview Content\"";
				ENABLE_PREVIEWS = YES;
				GENERATE_INFOPLIST_FILE = YES;
				INFOPLIST_KEY_UIApplicationSceneManifest_Generation = YES;
				INFOPLIST_KEY_UIApplicationSupportsIndirectInputEvents = YES;
				INFOPLIST_KEY_UILaunchScreen_Generation = YES;
				INFOPLIST_KEY_UISupportedInterfaceOrientations_iPad = "UIInterfaceOrientationPortrait UIInterfaceOrientationPortraitUpsideDown UIInterfaceOrientationLandscapeLeft UIInterfaceOrientationLandscapeRight";
				INFOPLIST_KEY_UISupportedInterfaceOrientations_iPhone = "UIInterfaceOrientationPortrait UIInterfaceOrientationLandscapeLeft UIInterfaceOrientationLandscapeRight";
				LD_RUNPATH_SEARCH_PATHS = (
					"$(inherited)",
					"@executable_path/Frameworks",
				);
				MARKETING_VERSION = 1.0;
				PRODUCT_BUNDLE_IDENTIFIER = com.marvalene.Detoxify;
				PRODUCT_NAME = "$(TARGET_NAME)";
				SWIFT_EMIT_LOC_STRINGS = YES;
				SWIFT_VERSION = 5.0;
				TARGETED_DEVICE_FAMILY = "1,2";
			};
			name = Debug;
		};
		35CDE6692D6691E70070F45A /* Release */ = {
			isa = XCBuildConfiguration;
			buildSettings = {
				ASSETCATALOG_COMPILER_APPICON_NAME = AppIcon;
				ASSETCATALOG_COMPILER_GLOBAL_ACCENT_COLOR_NAME = AccentColor;
				CODE_SIGN_STYLE = Automatic;
				CURRENT_PROJECT_VERSION = 1;
				DEVELOPMENT_ASSET_PATHS = "\"Detoxify/Preview Content\"";
				ENABLE_PREVIEWS = YES;
				GENERATE_INFOPLIST_FILE = YES;
				INFOPLIST_KEY_UIApplicationSceneManifest_Generation = YES;
				INFOPLIST_KEY_UIApplicationSupportsIndirectInputEvents = YES;
				INFOPLIST_KEY_UILaunchScreen_Generation = YES;
				INFOPLIST_KEY_UISupportedInterfaceOrientations_iPad = "UIInterfaceOrientationPortrait UIInterfaceOrientationPortraitUpsideDown UIInterfaceOrientationLandscapeLeft UIInterfaceOrientationLandscapeRight";
				INFOPLIST_KEY_UISupportedInterfaceOrientations_iPhone = "UIInterfaceOrientationPortrait UIInterfaceOrientationLandscapeLeft UIInterfaceOrientationLandscapeRight";
				LD_RUNPATH_SEARCH_PATHS = (
					"$(inherited)",
					"@executable_path/Frameworks",
				);
				MARKETING_VERSION = 1.0;
				PRODUCT_BUNDLE_IDENTIFIER = com.marvalene.Detoxify;
				PRODUCT_NAME = "$(TARGET_NAME)";
				SWIFT_EMIT_LOC_STRINGS = YES;
				SWIFT_VERSION = 5.0;
				TARGETED_DEVICE_FAMILY = "1,2";
			};
			name = Release;
		};
		35CDE66B2D6691E70070F45A /* Debug */ = {
			isa = XCBuildConfiguration;
			buildSettings = {
				BUNDLE_LOADER = "$(TEST_HOST)";
				CODE_SIGN_STYLE = Automatic;
				CURRENT_PROJECT_VERSION = 1;
				GENERATE_INFOPLIST_FILE = YES;
				IPHONEOS_DEPLOYMENT_TARGET = 18.2;
				MARKETING_VERSION = 1.0;
				PRODUCT_BUNDLE_IDENTIFIER = com.marvalene.DetoxifyTests;
				PRODUCT_NAME = "$(TARGET_NAME)";
				SWIFT_EMIT_LOC_STRINGS = NO;
				SWIFT_VERSION = 5.0;
				TARGETED_DEVICE_FAMILY = "1,2";
				TEST_HOST = "$(BUILT_PRODUCTS_DIR)/Detoxify.app/$(BUNDLE_EXECUTABLE_FOLDER_PATH)/Detoxify";
			};
			name = Debug;
		};
		35CDE66C2D6691E70070F45A /* Release */ = {
			isa = XCBuildConfiguration;
			buildSettings = {
				BUNDLE_LOADER = "$(TEST_HOST)";
				CODE_SIGN_STYLE = Automatic;
				CURRENT_PROJECT_VERSION = 1;
				GENERATE_INFOPLIST_FILE = YES;
				IPHONEOS_DEPLOYMENT_TARGET = 18.2;
				MARKETING_VERSION = 1.0;
				PRODUCT_BUNDLE_IDENTIFIER = com.marvalene.DetoxifyTests;
				PRODUCT_NAME = "$(TARGET_NAME)";
				SWIFT_EMIT_LOC_STRINGS = NO;
				SWIFT_VERSION = 5.0;
				TARGETED_DEVICE_FAMILY = "1,2";
				TEST_HOST = "$(BUILT_PRODUCTS_DIR)/Detoxify.app/$(BUNDLE_EXECUTABLE_FOLDER_PATH)/Detoxify";
			};
			name = Release;
		};
		35CDE66E2D6691E70070F45A /* Debug */ = {
			isa = XCBuildConfiguration;
			buildSettings = {
				CODE_SIGN_STYLE = Automatic;
				CURRENT_PROJECT_VERSION = 1;
				GENERATE_INFOPLIST_FILE = YES;
				MARKETING_VERSION = 1.0;
				PRODUCT_BUNDLE_IDENTIFIER = com.marvalene.DetoxifyUITests;
				PRODUCT_NAME = "$(TARGET_NAME)";
				SWIFT_EMIT_LOC_STRINGS = NO;
				SWIFT_VERSION = 5.0;
				TARGETED_DEVICE_FAMILY = "1,2";
				TEST_TARGET_NAME = Detoxify;
			};
			name = Debug;
		};
		35CDE66F2D6691E70070F45A /* Release */ = {
			isa = XCBuildConfiguration;
			buildSettings = {
				CODE_SIGN_STYLE = Automatic;
				CURRENT_PROJECT_VERSION = 1;
				GENERATE_INFOPLIST_FILE = YES;
				MARKETING_VERSION = 1.0;
				PRODUCT_BUNDLE_IDENTIFIER = com.marvalene.DetoxifyUITests;
				PRODUCT_NAME = "$(TARGET_NAME)";
				SWIFT_EMIT_LOC_STRINGS = NO;
				SWIFT_VERSION = 5.0;
				TARGETED_DEVICE_FAMILY = "1,2";
				TEST_TARGET_NAME = Detoxify;
			};
			name = Release;
		};
/* End XCBuildConfiguration section */

/* Begin XCConfigurationList section */
		35CDE63C2D6691E60070F45A /* Build configuration list for PBXProject "Detoxify" */ = {
			isa = XCConfigurationList;
			buildConfigurations = (
				35CDE6652D6691E70070F45A /* Debug */,
				35CDE6662D6691E70070F45A /* Release */,
			);
			defaultConfigurationIsVisible = 0;
			defaultConfigurationName = Release;
		};
		35CDE6672D6691E70070F45A /* Build configuration list for PBXNativeTarget "Detoxify" */ = {
			isa = XCConfigurationList;
			buildConfigurations = (
				35CDE6682D6691E70070F45A /* Debug */,
				35CDE6692D6691E70070F45A /* Release */,
			);
			defaultConfigurationIsVisible = 0;
			defaultConfigurationName = Release;
		};
		35CDE66A2D6691E70070F45A /* Build configuration list for PBXNativeTarget "DetoxifyTests" */ = {
			isa = XCConfigurationList;
			buildConfigurations = (
				35CDE66B2D6691E70070F45A /* Debug */,
				35CDE66C2D6691E70070F45A /* Release */,
			);
			defaultConfigurationIsVisible = 0;
			defaultConfigurationName = Release;
		};
		35CDE66D2D6691E70070F45A /* Build configuration list for PBXNativeTarget "DetoxifyUITests" */ = {
			isa = XCConfigurationList;
			buildConfigurations = (
				35CDE66E2D6691E70070F45A /* Debug */,
				35CDE66F2D6691E70070F45A /* Release */,
			);
			defaultConfigurationIsVisible = 0;
			defaultConfigurationName = Release;
		};
/* End XCConfigurationList section */

/* Begin XCRemoteSwiftPackageReference section */
		35CDE67A2D6692B90070F45A /* XCRemoteSwiftPackageReference "swift-navigation" */ = {
			isa = XCRemoteSwiftPackageReference;
			repositoryURL = "https://github.com/pointfreeco/swift-navigation";
			requirement = {
				kind = upToNextMajorVersion;
				minimumVersion = 2.2.3;
			};
		};
/* End XCRemoteSwiftPackageReference section */

/* Begin XCSwiftPackageProductDependency section */
		35CDE67B2D6692B90070F45A /* SwiftUINavigation */ = {
			isa = XCSwiftPackageProductDependency;
			package = 35CDE67A2D6692B90070F45A /* XCRemoteSwiftPackageReference "swift-navigation" */;
			productName = SwiftUINavigation;
		};
/* End XCSwiftPackageProductDependency section */
	};
	rootObject = 35CDE6392D6691E60070F45A /* Project object */;
}
